
Microsoft Visual Studio Solution File, Format Version 12.00
# Visual Studio 14
VisualStudioVersion = 14.0.25420.1
MinimumVisualStudioVersion = 10.0.40219.1
Project("{FAE04EC0-301F-11D3-BF4B-00C04F79EFBC}") = "mvcapplication", "mvcapplication\mvcapplication.csproj", "{F01FD6CE-F014-4487-BFC7-74FC6197104F}"
EndProject
Global
	GlobalSection(SolutionConfigurationPlatforms) = preSolution
		Debug|Any CPU = Debug|Any CPU
		Release|Any CPU = Release|Any CPU
	EndGlobalSection
	GlobalSection(ProjectConfigurationPlatforms) = postSolution
		{F01FD6CE-F014-4487-BFC7-74FC6197104F}.Debug|Any CPU.ActiveCfg = Debug|Any CPU
		{F01FD6CE-F014-4487-BFC7-74FC6197104F}.Debug|Any CPU.Build.0 = Debug|Any CPU
		{F01FD6CE-F014-4487-BFC7-74FC6197104F}.Release|Any CPU.ActiveCfg = Release|Any CPU
		{F01FD6CE-F014-4487-BFC7-74FC6197104F}.Release|Any CPU.Build.0 = Release|Any CPU
	EndGlobalSection
	GlobalSection(SolutionProperties) = preSolution
		HideSolutionNode = FALSE
	EndGlobalSection
EndGlobal
